
Microsoft Visual Studio Solution File, Format Version 12.00
# Visual Studio Version 17
VisualStudioVersion = 17.2.32616.157
MinimumVisualStudioVersion = 10.0.40219.1
Project("{FAE04EC0-301F-11D3-BF4B-00C04F79EFBC}") = "KA_LAB3", "KA_LAB3\KA_LAB3.csproj", "{AC6E9A47-BEA5-407D-9433-ED70BEDD3BE5}"
EndProject
Global
	GlobalSection(SolutionConfigurationPlatforms) = preSolution
		Debug|Any CPU = Debug|Any CPU
		Release|Any CPU = Release|Any CPU
	EndGlobalSection
	GlobalSection(ProjectConfigurationPlatforms) = postSolution
		{AC6E9A47-BEA5-407D-9433-ED70BEDD3BE5}.Debug|Any CPU.ActiveCfg = Debug|Any CPU
		{AC6E9A47-BEA5-407D-9433-ED70BEDD3BE5}.Debug|Any CPU.Build.0 = Debug|Any CPU
		{AC6E9A47-BEA5-407D-9433-ED70BEDD3BE5}.Release|Any CPU.ActiveCfg = Release|Any CPU
		{AC6E9A47-BEA5-407D-9433-ED70BEDD3BE5}.Release|Any CPU.Build.0 = Release|Any CPU
	EndGlobalSection
	GlobalSection(SolutionProperties) = preSolution
		HideSolutionNode = FALSE
	EndGlobalSection
	GlobalSection(ExtensibilityGlobals) = postSolution
		SolutionGuid = {F74195F3-DDD8-41E6-BC65-F7A06110137C}
	EndGlobalSection
EndGlobal
